
Microsoft Visual Studio Solution File, Format Version 12.00
# Visual Studio Version 16
VisualStudioVersion = 16.0.31019.35
MinimumVisualStudioVersion = 10.0.40219.1
Project("{8BC9CEB8-8B4A-11D0-8D11-00A0C91BC942}") = "Project1", "Project1\Project1.vcxproj", "{FCCFF035-1049-48ED-AC83-80FA399EACA1}"
EndProject
Global
	GlobalSection(SolutionConfigurationPlatforms) = preSolution
		Debug|x64 = Debug|x64
		Debug|x86 = Debug|x86
		Release|x64 = Release|x64
		Release|x86 = Release|x86
	EndGlobalSection
	GlobalSection(ProjectConfigurationPlatforms) = postSolution
		{FCCFF035-1049-48ED-AC83-80FA399EACA1}.Debug|x64.ActiveCfg = Debug|x64
		{FCCFF035-1049-48ED-AC83-80FA399EACA1}.Debug|x64.Build.0 = Debug|x64
		{FCCFF035-1049-48ED-AC83-80FA399EACA1}.Debug|x86.ActiveCfg = Debug|Win32
		{FCCFF035-1049-48ED-AC83-80FA399EACA1}.Debug|x86.Build.0 = Debug|Win32
		{FCCFF035-1049-48ED-AC83-80FA399EACA1}.Release|x64.ActiveCfg = Release|x64
		{FCCFF035-1049-48ED-AC83-80FA399EACA1}.Release|x64.Build.0 = Release|x64
		{FCCFF035-1049-48ED-AC83-80FA399EACA1}.Release|x86.ActiveCfg = Release|Win32
		{FCCFF035-1049-48ED-AC83-80FA399EACA1}.Release|x86.Build.0 = Release|Win32
	EndGlobalSection
	GlobalSection(SolutionProperties) = preSolution
		HideSolutionNode = FALSE
	EndGlobalSection
	GlobalSection(ExtensibilityGlobals) = postSolution
		SolutionGuid = {FE2AAD96-7422-434F-B5A0-0854BDD56269}
	EndGlobalSection
EndGlobal
